Microsoft Visual Studio Solution File, Format Version 12.00
# Visual Studio Version 17
VisualStudioVersion = 17.0.31912.275
MinimumVisualStudioVersion = 10.0.40219.1
Project("{8BC9CEB8-8B4A-11D0-8D11-00A0C91BC942}") = "EchoDrv", "drivers\EchoDrv\EchoDrv.vcxproj", "{78F8ACBF-EB91-4518-ABB1-D3076F8E1B5A}"
EndProject
Project("{8BC9CEB8-8B4A-11D0-8D11-00A0C91BC942}") = "RandomDrv", "drivers\RandomDrv\RandomDrv.vcxproj", "{E4FAFB62-1431-4040-9E40-396FC8E760B6}"
EndProject
Project("{8BC9CEB8-8B4A-11D0-8D11-00A0C91BC942}") = "NullDrv", "drivers\NullDrv\NullDrv.vcxproj", "{1F98B694-7D48-48CD-B5AA-58F3314C9D31}"
EndProject
Global
	GlobalSection(SolutionConfigurationPlatforms) = preSolution
		Debug|x64 = Debug|x64
		Release|x64 = Release|x64
	EndGlobalSection
	GlobalSection(ProjectConfigurationPlatforms) = postSolution
		{78F8ACBF-EB91-4518-ABB1-D3076F8E1B5A}.Debug|x64.ActiveCfg = Debug|x64
		{78F8ACBF-EB91-4518-ABB1-D3076F8E1B5A}.Debug|x64.Build.0 = Debug|x64
		{78F8ACBF-EB91-4518-ABB1-D3076F8E1B5A}.Release|x64.ActiveCfg = Release|x64
		{78F8ACBF-EB91-4518-ABB1-D3076F8E1B5A}.Release|x64.Build.0 = Release|x64
		{E4FAFB62-1431-4040-9E40-396FC8E760B6}.Debug|x64.ActiveCfg = Debug|x64
		{E4FAFB62-1431-4040-9E40-396FC8E760B6}.Debug|x64.Build.0 = Debug|x64
		{E4FAFB62-1431-4040-9E40-396FC8E760B6}.Release|x64.ActiveCfg = Release|x64
		{E4FAFB62-1431-4040-9E40-396FC8E760B6}.Release|x64.Build.0 = Release|x64
		{1F98B694-7D48-48CD-B5AA-58F3314C9D31}.Debug|x64.ActiveCfg = Debug|x64
		{1F98B694-7D48-48CD-B5AA-58F3314C9D31}.Debug|x64.Build.0 = Debug|x64
		{1F98B694-7D48-48CD-B5AA-58F3314C9D31}.Release|x64.ActiveCfg = Release|x64
		{1F98B694-7D48-48CD-B5AA-58F3314C9D31}.Release|x64.Build.0 = Release|x64
	EndGlobalSection
	GlobalSection(SolutionProperties) = preSolution
		HideSolutionNode = FALSE
	EndGlobalSection
EndGlobal
